
Microsoft Visual Studio Solution File, Format Version 12.00
# Visual Studio Version 17
VisualStudioVersion = 17.8.34408.163
MinimumVisualStudioVersion = 10.0.40219.1
Project("{FAE04EC0-301F-11D3-BF4B-00C04F79EFBC}") = "MovieApp", "MovieApp\MovieApp.csproj", "{DB9173D2-BC10-4844-A95D-AD1AA696ADE7}"
EndProject
Global
	GlobalSection(SolutionConfigurationPlatforms) = preSolution
		Debug|Any CPU = Debug|Any CPU
		Release|Any CPU = Release|Any CPU
	EndGlobalSection
	GlobalSection(ProjectConfigurationPlatforms) = postSolution
		{DB9173D2-BC10-4844-A95D-AD1AA696ADE7}.Debug|Any CPU.ActiveCfg = Debug|Any CPU
		{DB9173D2-BC10-4844-A95D-AD1AA696ADE7}.Debug|Any CPU.Build.0 = Debug|Any CPU
		{DB9173D2-BC10-4844-A95D-AD1AA696ADE7}.Release|Any CPU.ActiveCfg = Release|Any CPU
		{DB9173D2-BC10-4844-A95D-AD1AA696ADE7}.Release|Any CPU.Build.0 = Release|Any CPU
	EndGlobalSection
	GlobalSection(SolutionProperties) = preSolution
		HideSolutionNode = FALSE
	EndGlobalSection
	GlobalSection(ExtensibilityGlobals) = postSolution
		SolutionGuid = {BE06A1D1-EB8B-461F-8AD3-ADDDF3AC3ABB}
	EndGlobalSection
EndGlobal
